
Microsoft Visual Studio Solution File, Format Version 12.00
# Visual Studio Version 16
VisualStudioVersion = 16.0.31321.278
MinimumVisualStudioVersion = 10.0.40219.1
Project("{9A19103F-16F7-4668-BE54-9A1E7A4F7556}") = "_301168447_Ismail_Mehmood_COMP306_Implementation", "TestAPI\_301168447_Ismail_Mehmood_COMP306_Implementation.csproj", "{49433AD6-34DC-4FC5-A2A6-797F5D7ADCD3}"
EndProject
Global
	GlobalSection(SolutionConfigurationPlatforms) = preSolution
		Debug|Any CPU = Debug|Any CPU
		Release|Any CPU = Release|Any CPU
	EndGlobalSection
	GlobalSection(ProjectConfigurationPlatforms) = postSolution
		{49433AD6-34DC-4FC5-A2A6-797F5D7ADCD3}.Debug|Any CPU.ActiveCfg = Debug|Any CPU
		{49433AD6-34DC-4FC5-A2A6-797F5D7ADCD3}.Debug|Any CPU.Build.0 = Debug|Any CPU
		{49433AD6-34DC-4FC5-A2A6-797F5D7ADCD3}.Release|Any CPU.ActiveCfg = Release|Any CPU
		{49433AD6-34DC-4FC5-A2A6-797F5D7ADCD3}.Release|Any CPU.Build.0 = Release|Any CPU
	EndGlobalSection
	GlobalSection(SolutionProperties) = preSolution
		HideSolutionNode = FALSE
	EndGlobalSection
	GlobalSection(ExtensibilityGlobals) = postSolution
		SolutionGuid = {9834516A-43E3-48E6-802B-76E68B0F1AD3}
	EndGlobalSection
EndGlobal
